lockfileVersion: '9.0'

settings:
  autoInstallPeers: true
  excludeLinksFromLockfile: false

importers:

  .:
    dependencies:
      evilscan:
        specifier: ^1.9.1
        version: 1.9.1
      geoip-lite:
        specifier: ^1.4.10
        version: 1.4.10
      ssh2:
        specifier: ^1.16.0
        version: 1.16.0
      ws:
        specifier: ^8.18.0
        version: 8.18.0

packages:

  ansi-styles@4.3.0:
    resolution: {integrity: sha512-zbB9rCJAT1rbjiVDb2hqKFHNYLxgtk8NURxZ3IZwD3F6NtxbXZQCnnSi1Lkx+IDohdPlFp222wVALIheZJQSEg==}
    engines: {node: '>=8'}

  asn1@0.2.6:
    resolution: {integrity: sha512-ix/FxPn0MDjeyJ7i/yoHGFt/EX6LyNbxSEhPPXODPL+KB0VPk86UYfL0lMdy+KCnv+fmvIzySwaK5COwqVbWTQ==}

  async@2.6.4:
    resolution: {integrity: sha512-mzo5dfJYwAn29PeiJ0zvwTo04zj8HDJj0Mn8TD7sno7q12prdbnasKJHhkm2c1LgrhlJ0teaea8860oxi51mGA==}

  async@3.2.3:
    resolution: {integrity: sha512-spZRyzKL5l5BZQrr/6m/SqFdBN0q3OCI0f9rjfBzCMBIP4p75P620rR3gTmaksNOhmzgdxcaxdNfMy6anrbM0g==}

  balanced-match@1.0.2:
    resolution: {integrity: sha512-3oSeUO0TMV67hN1AmbXsK4yaqU7tjiHlbxRDZOpH0KW9+CeX4bRAaX0Anxt0tx2MrpRpWwQaPwIlISEJhYU5Pw==}

  bcrypt-pbkdf@1.0.2:
    resolution: {integrity: sha512-qeFIXtP4MSoi6NLqO12WfqARWWuCKi2Rn/9hJLEmtB5yTNr9DqFWkJRCf2qShWzPeAMRnOgCrq0sg/KLv5ES9w==}

  brace-expansion@1.1.11:
    resolution: {integrity: sha512-iCuPHDFgrHX7H2vEI/5xpz07zSHB00TpugqhmYtVmMO6518mCuRMoOYFldEBl0g187ufozdaHgWKcYFb61qGiA==}

  buffer-crc32@0.2.13:
    resolution: {integrity: sha512-VO9Ht/+p3SN7SKWqcrgEzjGbRSJYTx+Q1pTQC0wrWqHx0vpJraQ6GtHx8tvcg1rlK1byhU5gccxgOgj7B0TDkQ==}

  buildcheck@0.0.6:
    resolution: {integrity: sha512-8f9ZJCUXyT1M35Jx7MkBgmBMo3oHTTBIPLiY9xyL0pl3T5RwcPEY8cUHr5LBNfu/fk6c2T4DJZuVM/8ZZT2D2A==}
    engines: {node: '>=10.0.0'}

  chalk@4.1.2:
    resolution: {integrity: sha512-oKnbhFyRIXpUuez8iBMmyEa4nbj4IOQyuhc/wy9kY7/WVPcwIO9VA668Pu8RkO7+0G76SLROeyw9CpQ061i4mA==}
    engines: {node: '>=10'}

  color-convert@2.0.1:
    resolution: {integrity: sha512-RRECPsj7iu/xb5oKYcsFHSppFNnsj/52OVTRKb4zP5onXwVF3zVmmToNcOfGC+CRDpfK/U584fMg38ZHCaElKQ==}
    engines: {node: '>=7.0.0'}

  color-name@1.1.4:
    resolution: {integrity: sha512-dOy+3AuW3a2wNbZHIuMZpTcgjGuLU/uBL/ubcZF9OXbDo8ff4O8yVp5Bf0efS8uEoYo5q4Fx7dY9OgQGXgAsQA==}

  concat-map@0.0.1:
    resolution: {integrity: sha512-/Srv4dswyQNBfohGpz9o6Yb3Gz3SrUDqBH5rTuhGR7ahtlbYKnVxw2bCFMRljaA7EXHaXZ8wsHdodFvbkhKmqg==}

  cpu-features@0.0.10:
    resolution: {integrity: sha512-9IkYqtX3YHPCzoVg1Py+o9057a3i0fp7S530UWokCSaFVTc7CwXPRiOjRjBQQ18ZCNafx78YfnG+HALxtVmOGA==}
    engines: {node: '>=10.0.0'}

  evilscan@1.9.1:
    resolution: {integrity: sha512-d4izbRgZdmdQxRrqM78qu3thLRQkmDtdHj5YPlnnISn+wiNy8hDakWtxcc229mU0H06/e0Y8OMQ3ZPLtOoACYw==}
    hasBin: true

  fd-slicer@1.1.0:
    resolution: {integrity: sha512-cE1qsB/VwyQozZ+q1dGxR8LBYNZeofhEdUNGSMbQD3Gw2lAzX9Zb3uIU6Ebc/Fmyjo9AWWfnn0AUCHqtevs/8g==}

  fs.realpath@1.0.0:
    resolution: {integrity: sha512-OO0pH2lK6a0hZnAdau5ItzHPI6pUlvI7jMVnxUQRtw4owF2wk8lOSabtGDCTP4Ggrg2MbGnWO9X8K1t4+fGMDw==}

  geoip-lite@1.4.10:
    resolution: {integrity: sha512-4N69uhpS3KFd97m00wiFEefwa+L+HT5xZbzPhwu+sDawStg6UN/dPwWtUfkQuZkGIY1Cj7wDVp80IsqNtGMi2w==}
    engines: {node: '>=10.3.0'}

  glob@7.2.3:
    resolution: {integrity: sha512-nFR0zLpU2YCaRxwoCJvL6UvCH2JFyFVIvwTLsIf21AuHlMskA1hhTdk+LlYJtOlYt9v6dvszD2BGRqBL+iQK9Q==}
    deprecated: Glob versions prior to v9 are no longer supported

  has-flag@4.0.0:
    resolution: {integrity: sha512-EykJT/Q1KjTWctppgIAgfSO0tKVuZUjhgMr17kqTumMl6Afv3EISleU7qZUzoXDFTAHTDC4NOoG/ZxU3EvlMPQ==}
    engines: {node: '>=8'}

  iconv-lite@0.6.3:
    resolution: {integrity: sha512-4fCk79wshMdzMp2rH06qWrJE4iolqLhCUH+OiuIgU++RB0+94NlDL81atO7GX55uUKueo0txHNtvEyI6D7WdMw==}
    engines: {node: '>=0.10.0'}

  inflight@1.0.6:
    resolution: {integrity: sha512-k92I/b08q4wvFscXCLvqfsHCrjrF7yiXsQuIVvVE7N82W3+aqpzuUdBbfhWcy/FZR3/4IgflMgKLOsvPDrGCJA==}
    deprecated: This module is not supported, and leaks memory. Do not use it. Check out lru-cache if you want a good and tested way to coalesce async requests by a key value, which is much more comprehensive and powerful.

  inherits@2.0.4:
    resolution: {integrity: sha512-k/vGaX4/Yla3WzyMCvTQOXYeIHvqOKtnqBduzTHpzpQZzAskKMhZ2K+EnBiSM9zGSoIFeMpXKxa4dYeZIQqewQ==}

  ip-address@5.9.4:
    resolution: {integrity: sha512-dHkI3/YNJq4b/qQaz+c8LuarD3pY24JqZWfjB8aZx1gtpc2MDILu9L9jpZe1sHpzo/yWFweQVn+U//FhazUxmw==}
    engines: {node: '>= 0.10'}

  jsbn@1.1.0:
    resolution: {integrity: sha512-4bYVV3aAMtDTTu4+xsDYa6sy9GyJ69/amsu9sYF2zqjiEoZA5xJi3BrfX3uY+/IekIu7MwdObdbDWpoZdBv3/A==}

  lazy@1.0.11:
    resolution: {integrity: sha512-Y+CjUfLmIpoUCCRl0ub4smrYtGGr5AOa2AKOaWelGHOGz33X/Y/KizefGqbkwfz44+cnq/+9habclf8vOmu2LA==}
    engines: {node: '>=0.2.0'}

  lodash@4.17.21:
    resolution: {integrity: sha512-v2kDEe57lecTulaDIuNTPy3Ry4gLGJ6Z1O3vE1krgXZNrsQ+LFTGHVxVjcXPs17LhbZVGedAJv8XZ1tvj5FvSg==}

  minimatch@3.1.2:
    resolution: {integrity: sha512-J7p63hRiAjw1NDEww1W7i37+ByIrOWO5XQQAzZ3VOcL0PNybwpfmV/N05zFAzwQ9USyEcX6t3UO+K5aqBQOIHw==}

  minimist@1.2.6:
    resolution: {integrity: sha512-Jsjnk4bw3YJqYzbdyBiNsPWHPfO++UGG749Cxs6peCu5Xg4nrena6OVxOYxrQTqww0Jmwt+Ref8rggumkTLz9Q==}

  nan@2.22.0:
    resolution: {integrity: sha512-nbajikzWTMwsW+eSsNm3QwlOs7het9gGJU5dDZzRTQGk03vyBOauxgI4VakDzE0PtsGTmXPsXTbbjVhRwR5mpw==}

  once@1.4.0:
    resolution: {integrity: sha512-lNaJgI+2Q5URQBkccEKHTQOPaXdUxnZZElQTZY0MFUAuaEqe1E+Nyvgdz/aIyNi6Z9MzO5dv1H8n58/GELp3+w==}

  path-is-absolute@1.0.1:
    resolution: {integrity: sha512-AVbw3UJ2e9bq64vSaS9Am0fje1Pa8pbGqTTsmXfaIiMpnr5DlDhfJOuLj9Sf95ZPVDAUerDfEk88MPmPe7UCQg==}
    engines: {node: '>=0.10.0'}

  pend@1.2.0:
    resolution: {integrity: sha512-F3asv42UuXchdzt+xXqfW1OGlVBe+mxa2mqI0pg5yAHZPvFmY3Y6drSf/GQ1A86WgWEN9Kzh/WrgKa6iGcHXLg==}

  qjobs@1.2.0:
    resolution: {integrity: sha512-8YOJEHtxpySA3fFDyCRxA+UUV+fA+rTWnuWvylOK/NCjhY+b4ocCtmu8TtsWb+mYeU+GCHf/S66KZF/AsteKHg==}
    engines: {node: '>=0.9'}

  rimraf@2.7.1:
    resolution: {integrity: sha512-uWjbaKIK3T1OSVptzX7Nl6PvQ3qAGtKEtVRjRuazjfL3Bx5eI409VZSqgND+4UNnmzLVdPj9FqFJNPqBZFve4w==}
    deprecated: Rimraf versions prior to v4 are no longer supported
    hasBin: true

  safer-buffer@2.1.2:
    resolution: {integrity: sha512-YZo3K82SD7Riyi0E1EQPojLz7kpepnSQI9IyPbHHg1XXXevb5dJI7tpyN2ADxGcQbHG7vcyRHk0cbwqcQriUtg==}

  sprintf-js@1.1.2:
    resolution: {integrity: sha512-VE0SOVEHCk7Qc8ulkWw3ntAzXuqf7S2lvwQaDLRnUeIEaKNQJzV6BwmLKhOqT61aGhfUMrXeaBk+oDGCzvhcug==}

  ssh2@1.16.0:
    resolution: {integrity: sha512-r1X4KsBGedJqo7h8F5c4Ybpcr5RjyP+aWIG007uBPRjmdQWfEiVLzSK71Zji1B9sKxwaCvD8y8cwSkYrlLiRRg==}
    engines: {node: '>=10.16.0'}

  supports-color@7.2.0:
    resolution: {integrity: sha512-qpCAvRl9stuOHveKsn7HncJRvv501qIacKzQlO/+Lwxc9+0q2wLyv4Dfvt80/DPn2pqOBsJdDiogXGR9+OvwRw==}
    engines: {node: '>=8'}

  tweetnacl@0.14.5:
    resolution: {integrity: sha512-KXXFFdAbFXY4geFIwoyNK+f5Z1b7swfXABfL7HXCmoIWMKU3dmS26672A4EeQtDzLKy7SXmfBu51JolvEKwtGA==}

  wrappy@1.0.2:
    resolution: {integrity: sha512-l4Sp/DRseor9wL6EvV2+TuQn63dMkPjZ/sp9XkghTEbV9KlPS1xUsZ3u7/IQO4wxtcFB4bgpQPRcR3QCvezPcQ==}

  ws@8.18.0:
    resolution: {integrity: sha512-8VbfWfHLbbwu3+N6OKsOMpBdT4kXPDDB9cJk2bJ6mh9ucxdlnNvH1e+roYkKmN9Nxw2yjz7VzeO9oOz2zJ04Pw==}
    engines: {node: '>=10.0.0'}
    peerDependencies:
      bufferutil: ^4.0.1
      utf-8-validate: '>=5.0.2'
    peerDependenciesMeta:
      bufferutil:
        optional: true
      utf-8-validate:
        optional: true

  yauzl@2.10.0:
    resolution: {integrity: sha512-p4a9I6X6nu6IhoGmBqAcbJy1mlC4j27vEPZX9F4L4/vZT3Lyq1VkFHw/V/PUcB9Buo+DG3iHkT0x3Qya58zc3g==}

snapshots:

  ansi-styles@4.3.0:
    dependencies:
      color-convert: 2.0.1

  asn1@0.2.6:
    dependencies:
      safer-buffer: 2.1.2

  async@2.6.4:
    dependencies:
      lodash: 4.17.21

  async@3.2.3: {}

  balanced-match@1.0.2: {}

  bcrypt-pbkdf@1.0.2:
    dependencies:
      tweetnacl: 0.14.5

  brace-expansion@1.1.11:
    dependencies:
      balanced-match: 1.0.2
      concat-map: 0.0.1

  buffer-crc32@0.2.13: {}

  buildcheck@0.0.6:
    optional: true

  chalk@4.1.2:
    dependencies:
      ansi-styles: 4.3.0
      supports-color: 7.2.0

  color-convert@2.0.1:
    dependencies:
      color-name: 1.1.4

  color-name@1.1.4: {}

  concat-map@0.0.1: {}

  cpu-features@0.0.10:
    dependencies:
      buildcheck: 0.0.6
      nan: 2.22.0
    optional: true

  evilscan@1.9.1:
    dependencies:
      async: 3.2.3
      minimist: 1.2.6
      qjobs: 1.2.0

  fd-slicer@1.1.0:
    dependencies:
      pend: 1.2.0

  fs.realpath@1.0.0: {}

  geoip-lite@1.4.10:
    dependencies:
      async: 2.6.4
      chalk: 4.1.2
      iconv-lite: 0.6.3
      ip-address: 5.9.4
      lazy: 1.0.11
      rimraf: 2.7.1
      yauzl: 2.10.0

  glob@7.2.3:
    dependencies:
      fs.realpath: 1.0.0
      inflight: 1.0.6
      inherits: 2.0.4
      minimatch: 3.1.2
      once: 1.4.0
      path-is-absolute: 1.0.1

  has-flag@4.0.0: {}

  iconv-lite@0.6.3:
    dependencies:
      safer-buffer: 2.1.2

  inflight@1.0.6:
    dependencies:
      once: 1.4.0
      wrappy: 1.0.2

  inherits@2.0.4: {}

  ip-address@5.9.4:
    dependencies:
      jsbn: 1.1.0
      lodash: 4.17.21
      sprintf-js: 1.1.2

  jsbn@1.1.0: {}

  lazy@1.0.11: {}

  lodash@4.17.21: {}

  minimatch@3.1.2:
    dependencies:
      brace-expansion: 1.1.11

  minimist@1.2.6: {}

  nan@2.22.0:
    optional: true

  once@1.4.0:
    dependencies:
      wrappy: 1.0.2

  path-is-absolute@1.0.1: {}

  pend@1.2.0: {}

  qjobs@1.2.0: {}

  rimraf@2.7.1:
    dependencies:
      glob: 7.2.3

  safer-buffer@2.1.2: {}

  sprintf-js@1.1.2: {}

  ssh2@1.16.0:
    dependencies:
      asn1: 0.2.6
      bcrypt-pbkdf: 1.0.2
    optionalDependencies:
      cpu-features: 0.0.10
      nan: 2.22.0

  supports-color@7.2.0:
    dependencies:
      has-flag: 4.0.0

  tweetnacl@0.14.5: {}

  wrappy@1.0.2: {}

  ws@8.18.0: {}

  yauzl@2.10.0:
    dependencies:
      buffer-crc32: 0.2.13
      fd-slicer: 1.1.0
